<?xml version="1.0" encoding="utf-8"?>
<Project ToolsVersion="4.0" xmlns="http://schemas.microsoft.com/developer/msbuild/2003">
  <ItemGroup>
    <Filter Include="Source Files">
      <UniqueIdentifier>{4FC737F1-C7A5-4376-A066-2A32D752A2FF}</UniqueIdentifier>
      <Extensions>cpp;c;cc;cxx;def;odl;idl;hpj;bat;asm;asmx</Extensions>
    </Filter>
    <Filter Include="Header Files">
      <UniqueIdentifier>{93995380-89BD-4b04-88EB-625FBE52EBFB}</UniqueIdentifier>
      <Extensions>h;hh;hpp;hxx;hm;inl;inc;xsd</Extensions>
    </Filter>
    <Filter Include="Resource Files">
      <UniqueIdentifier>{67DA6AB6-F800-4c08-8B7A-83BB121AAD01}</UniqueIdentifier>
      <Extensions>rc;ico;cur;bmp;dlg;rc2;rct;bin;rgs;gif;jpg;jpeg;jpe;resx;tiff;tif;png;wav;mfcribbon-ms</Extensions>
    </Filter>
    <Filter Include="Source Files\ElDorado">
      <UniqueIdentifier>{c4d60312-67c3-4775-8475-593c4328256f}</UniqueIdentifier>
    </Filter>
    <Filter Include="Source Files\ElDorado\Game">
      <UniqueIdentifier>{e471e6c9-9765-463c-a204-03f6bfe8116c}</UniqueIdentifier>
    </Filter>
    <Filter Include="Source Files\ElDorado\Tags">
      <UniqueIdentifier>{619bdeeb-1502-45c6-90f9-5e8639eee67e}</UniqueIdentifier>
    </Filter>
    <Filter Include="Source Files\ElDorado\Strings">
      <UniqueIdentifier>{03251c80-1569-41dd-bc77-84616ea1bd4b}</UniqueIdentifier>
    </Filter>
    <Filter Include="Source Files\ElDorado\Resources">
      <UniqueIdentifier>{a79f9e3a-3424-4141-b828-98bec775a27f}</UniqueIdentifier>
    </Filter>
    <Filter Include="Header Files\ElDorado">
      <UniqueIdentifier>{ba77ffd7-d49c-405b-b68d-9c9553df9aef}</UniqueIdentifier>
    </Filter>
    <Filter Include="Header Files\ElDorado\Game">
      <UniqueIdentifier>{049b986d-e6da-4e4f-a314-1b04792c8dae}</UniqueIdentifier>
    </Filter>
    <Filter Include="Header Files\ElDorado\Tags">
      <UniqueIdentifier>{e950b194-3fc5-48cf-9529-60894c2ac083}</UniqueIdentifier>
    </Filter>
    <Filter Include="Header Files\ElDorado\Strings">
      <UniqueIdentifier>{50d6544d-2fa7-486f-9131-00f1baa9535c}</UniqueIdentifier>
    </Filter>
    <Filter Include="Header Files\ElDorado\Resources">
      <UniqueIdentifier>{0294cc2e-ea96-445c-9a66-91b57f646314}</UniqueIdentifier>
    </Filter>
    <Filter Include="Source Files\ElDorado\V1_106708">
      <UniqueIdentifier>{695b9706-e6a9-4eb4-b948-035b491a5989}</UniqueIdentifier>
    </Filter>
    <Filter Include="Header Files\ElDorado\V1_106708">
      <UniqueIdentifier>{103c510c-a9a6-4ad6-b997-054d053984a2}</UniqueIdentifier>
    </Filter>
    <Filter Include="Header Files\Common">
      <UniqueIdentifier>{6e9444bd-0575-410b-8b8c-2fa0d0852a15}</UniqueIdentifier>
    </Filter>
    <Filter Include="Header Files\Common\Math">
      <UniqueIdentifier>{db182cdc-3bbf-4aaa-a008-42b553cdf709}</UniqueIdentifier>
    </Filter>
    <Filter Include="Header Files\Common\Serialization">
      <UniqueIdentifier>{d902378e-2714-45df-a901-f107cf232c86}</UniqueIdentifier>
    </Filter>
  </ItemGroup>
  <ItemGroup>
    <ClCompile Include="Sentinel.cpp">
      <Filter>Source Files</Filter>
    </ClCompile>
    <ClCompile Include="ElDorado\Game\GameVersion.cpp">
      <Filter>Source Files\ElDorado\Game</Filter>
    </ClCompile>
    <ClCompile Include="ElDorado\Strings\StringId.cpp">
      <Filter>Source Files\ElDorado\Strings</Filter>
    </ClCompile>
    <ClCompile Include="ElDorado\Tags\Tag.cpp">
      <Filter>Source Files\ElDorado\Tags</Filter>
    </ClCompile>
    <ClCompile Include="ElDorado\Tags\TagFixup.cpp">
      <Filter>Source Files\ElDorado\Tags</Filter>
    </ClCompile>
    <ClCompile Include="ElDorado\Tags\TagCache.cpp">
      <Filter>Source Files\ElDorado\Tags</Filter>
    </ClCompile>
    <ClCompile Include="ElDorado\Resources\ResourceCache.cpp">
      <Filter>Source Files\ElDorado\Resources</Filter>
    </ClCompile>
    <ClCompile Include="ElDorado\Strings\StringIdCache.cpp">
      <Filter>Source Files\ElDorado\Strings</Filter>
    </ClCompile>
    <ClCompile Include="ElDorado\Tags\TagEntry.cpp">
      <Filter>Source Files\ElDorado\Tags</Filter>
    </ClCompile>
    <ClCompile Include="ElDorado\Strings\StringIdResolverBase.cpp">
      <Filter>Source Files\ElDorado\Strings</Filter>
    </ClCompile>
    <ClCompile Include="ElDorado\V1_106708\StringIdResolver.cpp">
      <Filter>Source Files\ElDorado\V1_106708</Filter>
    </ClCompile>
  </ItemGroup>
  <ItemGroup>
    <ClInclude Include="ElDorado\Game\GameVersion.hpp">
      <Filter>Header Files\ElDorado\Game</Filter>
    </ClInclude>
    <ClInclude Include="ElDorado\Resources\ResourceCache.hpp">
      <Filter>Header Files\ElDorado\Resources</Filter>
    </ClInclude>
    <ClInclude Include="ElDorado\Strings\StringId.hpp">
      <Filter>Header Files\ElDorado\Strings</Filter>
    </ClInclude>
    <ClInclude Include="ElDorado\Strings\StringIdCache.hpp">
      <Filter>Header Files\ElDorado\Strings</Filter>
    </ClInclude>
    <ClInclude Include="ElDorado\Tags\Tag.hpp">
      <Filter>Header Files\ElDorado\Tags</Filter>
    </ClInclude>
    <ClInclude Include="ElDorado\Tags\TagCache.hpp">
      <Filter>Header Files\ElDorado\Tags</Filter>
    </ClInclude>
    <ClInclude Include="ElDorado\Tags\TagEntry.hpp">
      <Filter>Header Files\ElDorado\Tags</Filter>
    </ClInclude>
    <ClInclude Include="ElDorado\Tags\TagFixup.hpp">
      <Filter>Header Files\ElDorado\Tags</Filter>
    </ClInclude>
    <ClInclude Include="ElDorado\Strings\StringIdResolverBase.hpp">
      <Filter>Header Files\ElDorado\Strings</Filter>
    </ClInclude>
    <ClInclude Include="ElDorado\V1_106708\StringIdResolver.hpp">
      <Filter>Header Files\ElDorado\V1_106708</Filter>
    </ClInclude>
    <ClInclude Include="Common\Math\EulerAngles2D.hpp">
      <Filter>Header Files\Common\Math</Filter>
    </ClInclude>
    <ClInclude Include="Common\Math\EulerAngles3D.hpp">
      <Filter>Header Files\Common\Math</Filter>
    </ClInclude>
    <ClInclude Include="Common\Math\Orientation3D.hpp">
      <Filter>Header Files\Common\Math</Filter>
    </ClInclude>
    <ClInclude Include="Common\Math\Plane2D.hpp">
      <Filter>Header Files\Common\Math</Filter>
    </ClInclude>
    <ClInclude Include="Common\Math\Plane3D.hpp">
      <Filter>Header Files\Common\Math</Filter>
    </ClInclude>
    <ClInclude Include="Common\Math\Point2D.hpp">
      <Filter>Header Files\Common\Math</Filter>
    </ClInclude>
    <ClInclude Include="Common\Math\Point3D.hpp">
      <Filter>Header Files\Common\Math</Filter>
    </ClInclude>
    <ClInclude Include="Common\Math\Quaternion.hpp">
      <Filter>Header Files\Common\Math</Filter>
    </ClInclude>
    <ClInclude Include="Common\Math\Vector2D.hpp">
      <Filter>Header Files\Common\Math</Filter>
    </ClInclude>
    <ClInclude Include="Common\Math\Vector3D.hpp">
      <Filter>Header Files\Common\Math</Filter>
    </ClInclude>
    <ClInclude Include="Common\Serialization\Serializable.hpp">
      <Filter>Header Files\Common\Serialization</Filter>
    </ClInclude>
  </ItemGroup>
</Project>