<?xml version="1.0" encoding="utf-8"?>
<Project ToolsVersion="4.0" xmlns="http://schemas.microsoft.com/developer/msbuild/2003">
  <ItemGroup>
    <Filter Include="Source Files">
      <UniqueIdentifier>{4FC737F1-C7A5-4376-A066-2A32D752A2FF}</UniqueIdentifier>
      <Extensions>cpp;c;cc;cxx;def;odl;idl;hpj;bat;asm;asmx</Extensions>
    </Filter>
    <Filter Include="Header Files">
      <UniqueIdentifier>{93995380-89BD-4b04-88EB-625FBE52EBFB}</UniqueIdentifier>
      <Extensions>h;hh;hpp;hxx;hm;inl;inc;xsd</Extensions>
    </Filter>
    <Filter Include="Resource Files">
      <UniqueIdentifier>{67DA6AB6-F800-4c08-8B7A-83BB121AAD01}</UniqueIdentifier>
      <Extensions>rc;ico;cur;bmp;dlg;rc2;rct;bin;rgs;gif;jpg;jpeg;jpe;resx;tiff;tif;png;wav;mfcribbon-ms</Extensions>
    </Filter>
  </ItemGroup>
  <ItemGroup>
    <ClInclude Include="Blam\CSeries\StringID.hpp">
      <Filter>Header Files</Filter>
    </ClInclude>
    <ClInclude Include="Blam\CSeries\Tag.hpp">
      <Filter>Header Files</Filter>
    </ClInclude>
    <ClInclude Include="Blam\CSeries\Vector3D.hpp">
      <Filter>Header Files</Filter>
    </ClInclude>
    <ClInclude Include="Blam\TagFiles\TagField.hpp">
      <Filter>Header Files</Filter>
    </ClInclude>
    <ClInclude Include="Blam\CSeries\ColorRGB.hpp">
      <Filter>Header Files</Filter>
    </ClInclude>
    <ClInclude Include="Blam\CSeries\Vector2D.hpp">
      <Filter>Header Files</Filter>
    </ClInclude>
    <ClInclude Include="Blam\CSeries\ColorARGB.hpp">
      <Filter>Header Files</Filter>
    </ClInclude>
    <ClInclude Include="Blam\CSeries\Rectangle2D.hpp">
      <Filter>Header Files</Filter>
    </ClInclude>
    <ClInclude Include="Blam\CSeries\Bounds.hpp">
      <Filter>Header Files</Filter>
    </ClInclude>
  </ItemGroup>
  <ItemGroup>
    <ClCompile Include="Sentinel.cpp">
      <Filter>Source Files</Filter>
    </ClCompile>
    <ClCompile Include="Blam\CSeries\StringID.cpp">
      <Filter>Source Files</Filter>
    </ClCompile>
    <ClCompile Include="Blam\CSeries\Tag.cpp">
      <Filter>Source Files</Filter>
    </ClCompile>
    <ClCompile Include="Blam\CSeries\Vector2D_Int32.cpp">
      <Filter>Source Files</Filter>
    </ClCompile>
    <ClCompile Include="Blam\CSeries\Vector2D_Float.cpp">
      <Filter>Source Files</Filter>
    </ClCompile>
    <ClCompile Include="Blam\CSeries\Vector3D_Int32.cpp">
      <Filter>Source Files</Filter>
    </ClCompile>
    <ClCompile Include="Blam\CSeries\Vector3D_Float.cpp">
      <Filter>Source Files</Filter>
    </ClCompile>
    <ClCompile Include="Blam\CSeries\ColorRGB_UInt8.cpp">
      <Filter>Source Files</Filter>
    </ClCompile>
    <ClCompile Include="Blam\CSeries\ColorRGB_Float.cpp">
      <Filter>Source Files</Filter>
    </ClCompile>
    <ClCompile Include="Blam\CSeries\ColorARGB_Float.cpp">
      <Filter>Source Files</Filter>
    </ClCompile>
    <ClCompile Include="Blam\CSeries\ColorARGB_UInt8.cpp">
      <Filter>Source Files</Filter>
    </ClCompile>
    <ClCompile Include="Blam\CSeries\Rectangle2D_Int16.cpp">
      <Filter>Source Files</Filter>
    </ClCompile>
    <ClCompile Include="Blam\CSeries\Bounds_Int8.cpp">
      <Filter>Source Files</Filter>
    </ClCompile>
    <ClCompile Include="Blam\CSeries\Bounds_Int16.cpp">
      <Filter>Source Files</Filter>
    </ClCompile>
    <ClCompile Include="Blam\CSeries\Bounds_Int32.cpp">
      <Filter>Source Files</Filter>
    </ClCompile>
    <ClCompile Include="Blam\CSeries\Bounds_UInt8.cpp">
      <Filter>Source Files</Filter>
    </ClCompile>
    <ClCompile Include="Blam\CSeries\Bounds_UInt16.cpp">
      <Filter>Source Files</Filter>
    </ClCompile>
    <ClCompile Include="Blam\CSeries\Bounds_UInt32.cpp">
      <Filter>Source Files</Filter>
    </ClCompile>
    <ClCompile Include="Blam\CSeries\Bounds_Float.cpp">
      <Filter>Source Files</Filter>
    </ClCompile>
  </ItemGroup>
</Project>