
Microsoft Visual Studio Solution File, Format Version 12.00
# Visual Studio 14
VisualStudioVersion = 14.0.23107.0
MinimumVisualStudioVersion = 10.0.40219.1
Project("{FAE04EC0-301F-11D3-BF4B-00C04F79EFBC}") = "Sentinel", "Sentinel\Sentinel.csproj", "{65A47E72-F512-4B0E-A2C4-274232616F31}"
EndProject
Project("{FAE04EC0-301F-11D3-BF4B-00C04F79EFBC}") = "BlamCore", "BlamCore\BlamCore.csproj", "{8421CEC0-06EE-4589-A315-7487E3C66465}"
EndProject
Global
	GlobalSection(SolutionConfigurationPlatforms) = preSolution
		Debug|Any CPU = Debug|Any CPU
		Release|Any CPU = Release|Any CPU
	EndGlobalSection
	GlobalSection(ProjectConfigurationPlatforms) = postSolution
		{65A47E72-F512-4B0E-A2C4-274232616F31}.Debug|Any CPU.ActiveCfg = Debug|Any CPU
		{65A47E72-F512-4B0E-A2C4-274232616F31}.Debug|Any CPU.Build.0 = Debug|Any CPU
		{65A47E72-F512-4B0E-A2C4-274232616F31}.Release|Any CPU.ActiveCfg = Release|Any CPU
		{65A47E72-F512-4B0E-A2C4-274232616F31}.Release|Any CPU.Build.0 = Release|Any CPU
		{8421CEC0-06EE-4589-A315-7487E3C66465}.Debug|Any CPU.ActiveCfg = Debug|Any CPU
		{8421CEC0-06EE-4589-A315-7487E3C66465}.Debug|Any CPU.Build.0 = Debug|Any CPU
		{8421CEC0-06EE-4589-A315-7487E3C66465}.Release|Any CPU.ActiveCfg = Release|Any CPU
		{8421CEC0-06EE-4589-A315-7487E3C66465}.Release|Any CPU.Build.0 = Release|Any CPU
	EndGlobalSection
	GlobalSection(SolutionProperties) = preSolution
		HideSolutionNode = FALSE
	EndGlobalSection
EndGlobal
