<?xml version="1.0" encoding="utf-8"?>
<Project ToolsVersion="4.0" xmlns="http://schemas.microsoft.com/developer/msbuild/2003">
  <ItemGroup>
    <Filter Include="Source Files">
      <UniqueIdentifier>{4FC737F1-C7A5-4376-A066-2A32D752A2FF}</UniqueIdentifier>
      <Extensions>cpp;c;cc;cxx;def;odl;idl;hpj;bat;asm;asmx</Extensions>
    </Filter>
    <Filter Include="Header Files">
      <UniqueIdentifier>{93995380-89BD-4b04-88EB-625FBE52EBFB}</UniqueIdentifier>
      <Extensions>h;hh;hpp;hxx;hm;inl;inc;xsd</Extensions>
    </Filter>
    <Filter Include="Resource Files">
      <UniqueIdentifier>{67DA6AB6-F800-4c08-8B7A-83BB121AAD01}</UniqueIdentifier>
      <Extensions>rc;ico;cur;bmp;dlg;rc2;rct;bin;rgs;gif;jpg;jpeg;jpe;resx;tiff;tif;png;wav;mfcribbon-ms</Extensions>
    </Filter>
    <Filter Include="Header Files\ElDorado">
      <UniqueIdentifier>{0dc192f0-b112-43e6-805c-65ec5c321596}</UniqueIdentifier>
    </Filter>
    <Filter Include="Header Files\ElDorado\Game">
      <UniqueIdentifier>{df19cd14-7579-4317-8ba3-415849215204}</UniqueIdentifier>
    </Filter>
    <Filter Include="Header Files\ElDorado\Strings">
      <UniqueIdentifier>{895761c5-467e-4510-bda7-3398ff353180}</UniqueIdentifier>
    </Filter>
    <Filter Include="Header Files\ElDorado\Tags">
      <UniqueIdentifier>{06668769-c2ca-40bc-8399-0702dfdc8cbd}</UniqueIdentifier>
    </Filter>
    <Filter Include="Source Files\ElDorado">
      <UniqueIdentifier>{c4d60312-67c3-4775-8475-593c4328256f}</UniqueIdentifier>
    </Filter>
    <Filter Include="Source Files\ElDorado\Game">
      <UniqueIdentifier>{e471e6c9-9765-463c-a204-03f6bfe8116c}</UniqueIdentifier>
    </Filter>
    <Filter Include="Source Files\ElDorado\Tags">
      <UniqueIdentifier>{619bdeeb-1502-45c6-90f9-5e8639eee67e}</UniqueIdentifier>
    </Filter>
    <Filter Include="Source Files\ElDorado\Strings">
      <UniqueIdentifier>{03251c80-1569-41dd-bc77-84616ea1bd4b}</UniqueIdentifier>
    </Filter>
  </ItemGroup>
  <ItemGroup>
    <ClCompile Include="Sentinel.cpp">
      <Filter>Source Files</Filter>
    </ClCompile>
    <ClCompile Include="ElDorado\Game\GameVersion.cpp">
      <Filter>Source Files\ElDorado\Game</Filter>
    </ClCompile>
    <ClCompile Include="ElDorado\Strings\StringId.cpp">
      <Filter>Source Files\ElDorado\Strings</Filter>
    </ClCompile>
    <ClCompile Include="ElDorado\Tags\Tag.cpp">
      <Filter>Source Files\ElDorado\Tags</Filter>
    </ClCompile>
    <ClCompile Include="ElDorado\Tags\TagDefinition.cpp">
      <Filter>Source Files\ElDorado\Tags</Filter>
    </ClCompile>
    <ClCompile Include="ElDorado\Tags\TagFixup.cpp">
      <Filter>Source Files\ElDorado\Tags</Filter>
    </ClCompile>
    <ClCompile Include="ElDorado\Tags\TagCache.cpp">
      <Filter>Source Files\ElDorado\Tags</Filter>
    </ClCompile>
  </ItemGroup>
  <ItemGroup>
    <ClInclude Include="ElDorado\Game\GameVersion.hpp">
      <Filter>Header Files\ElDorado\Game</Filter>
    </ClInclude>
    <ClInclude Include="ElDorado\Strings\StringId.hpp">
      <Filter>Header Files\ElDorado\Strings</Filter>
    </ClInclude>
    <ClInclude Include="ElDorado\Strings\StringIdCache.hpp">
      <Filter>Header Files\ElDorado\Strings</Filter>
    </ClInclude>
    <ClInclude Include="ElDorado\Tags\Tag.hpp">
      <Filter>Header Files\ElDorado\Tags</Filter>
    </ClInclude>
    <ClInclude Include="ElDorado\Tags\TagCache.hpp">
      <Filter>Header Files\ElDorado\Tags</Filter>
    </ClInclude>
    <ClInclude Include="ElDorado\Tags\TagDefinition.hpp">
      <Filter>Header Files\ElDorado\Tags</Filter>
    </ClInclude>
    <ClInclude Include="ElDorado\Tags\TagFixup.hpp">
      <Filter>Header Files\ElDorado\Tags</Filter>
    </ClInclude>
  </ItemGroup>
</Project>